
Microsoft Visual Studio Solution File, Format Version 12.00
# Visual Studio Version 17
VisualStudioVersion = 17.2.32526.322
MinimumVisualStudioVersion = 10.0.40219.1
Project("{8BC9CEB8-8B4A-11D0-8D11-00A0C91BC942}") = "newlib", "newlib\newlib.vcxproj", "{089FAD09-2238-43AC-A01F-478937E323AB}"
	ProjectSection(ProjectDependencies) = postProject
		{2EDCB7B7-2D1E-4BD4-8E6A-5ED9D5E8719E} = {2EDCB7B7-2D1E-4BD4-8E6A-5ED9D5E8719E}
		{C723DEA4-739C-40E4-AA62-4246A4DB2EFB} = {C723DEA4-739C-40E4-AA62-4246A4DB2EFB}
	EndProjectSection
EndProject
Project("{8BC9CEB8-8B4A-11D0-8D11-00A0C91BC942}") = "libc", "newlib\libc\libc.vcxproj", "{2EDCB7B7-2D1E-4BD4-8E6A-5ED9D5E8719E}"
EndProject
Project("{8BC9CEB8-8B4A-11D0-8D11-00A0C91BC942}") = "libm", "newlib\libm\libm.vcxproj", "{C723DEA4-739C-40E4-AA62-4246A4DB2EFB}"
EndProject
Project("{8BC9CEB8-8B4A-11D0-8D11-00A0C91BC942}") = "winsup", "winsup\winsup.vcxproj", "{45EC07B8-747C-47E2-BDE1-58CC25A4EDA7}"
	ProjectSection(ProjectDependencies) = postProject
		{079A0DD5-D31A-41D9-B4D5-54D04A7E7A31} = {079A0DD5-D31A-41D9-B4D5-54D04A7E7A31}
		{0E8FD8F3-3320-4A74-9D3F-8BF5AF14C393} = {0E8FD8F3-3320-4A74-9D3F-8BF5AF14C393}
		{0E9B9D71-EE22-4E88-8F50-3F895E138E92} = {0E9B9D71-EE22-4E88-8F50-3F895E138E92}
		{0ED379CF-649B-4BC8-B0B3-87A7A1B6679C} = {0ED379CF-649B-4BC8-B0B3-87A7A1B6679C}
		{490836C3-5827-478E-9A40-487081CB406B} = {490836C3-5827-478E-9A40-487081CB406B}
		{85E83033-543C-438E-B0FC-EB94C0C3938D} = {85E83033-543C-438E-B0FC-EB94C0C3938D}
		{A8FE8653-F3F4-43A0-83C9-8F90642C02F5} = {A8FE8653-F3F4-43A0-83C9-8F90642C02F5}
		{AD8A743A-BA5C-4819-A4EC-1877D79BCEBB} = {AD8A743A-BA5C-4819-A4EC-1877D79BCEBB}
		{BA10E609-59B3-48E5-A259-D100AFAB31F5} = {BA10E609-59B3-48E5-A259-D100AFAB31F5}
	EndProjectSection
EndProject
Project("{8BC9CEB8-8B4A-11D0-8D11-00A0C91BC942}") = "newlib-cygwin", "newlib-cygwin.vcxproj", "{181FBFF6-0EA2-4BE4-8618-6B44F6EAADE2}"
	ProjectSection(ProjectDependencies) = postProject
		{089FAD09-2238-43AC-A01F-478937E323AB} = {089FAD09-2238-43AC-A01F-478937E323AB}
		{45EC07B8-747C-47E2-BDE1-58CC25A4EDA7} = {45EC07B8-747C-47E2-BDE1-58CC25A4EDA7}
	EndProjectSection
EndProject
Project("{8BC9CEB8-8B4A-11D0-8D11-00A0C91BC942}") = "libcygserver", "winsup\cygserver\libcygserver.vcxproj", "{079A0DD5-D31A-41D9-B4D5-54D04A7E7A31}"
EndProject
Project("{8BC9CEB8-8B4A-11D0-8D11-00A0C91BC942}") = "libautomode", "winsup\cygwin\libautomode.vcxproj", "{0E9B9D71-EE22-4E88-8F50-3F895E138E92}"
EndProject
Project("{8BC9CEB8-8B4A-11D0-8D11-00A0C91BC942}") = "libbinmode", "winsup\cygwin\libbinmode.vcxproj", "{85E83033-543C-438E-B0FC-EB94C0C3938D}"
EndProject
Project("{8BC9CEB8-8B4A-11D0-8D11-00A0C91BC942}") = "libdll", "winsup\cygwin\libdll.vcxproj", "{A8FE8653-F3F4-43A0-83C9-8F90642C02F5}"
EndProject
Project("{8BC9CEB8-8B4A-11D0-8D11-00A0C91BC942}") = "libgmon", "winsup\cygwin\libgmon.vcxproj", "{AD8A743A-BA5C-4819-A4EC-1877D79BCEBB}"
EndProject
Project("{8BC9CEB8-8B4A-11D0-8D11-00A0C91BC942}") = "libtextmode", "winsup\cygwin\libtextmode.vcxproj", "{0E8FD8F3-3320-4A74-9D3F-8BF5AF14C393}"
EndProject
Project("{8BC9CEB8-8B4A-11D0-8D11-00A0C91BC942}") = "libtextreadmode", "winsup\cygwin\libtextreadmode.vcxproj", "{BA10E609-59B3-48E5-A259-D100AFAB31F5}"
EndProject
Project("{8BC9CEB8-8B4A-11D0-8D11-00A0C91BC942}") = "liblib", "winsup\cygwin\lib\liblib.vcxproj", "{490836C3-5827-478E-9A40-487081CB406B}"
EndProject
Project("{8BC9CEB8-8B4A-11D0-8D11-00A0C91BC942}") = "libltp", "winsup\testsuite\libltp\libltp.vcxproj", "{0ED379CF-649B-4BC8-B0B3-87A7A1B6679C}"
EndProject
Project("{8BC9CEB8-8B4A-11D0-8D11-00A0C91BC942}") = "cygrun", "winsup\testsuite\cygrun.vcxproj", "{EDD432FD-4E2A-4EC9-8F20-AF63EE4BE044}"
EndProject
Project("{8BC9CEB8-8B4A-11D0-8D11-00A0C91BC942}") = "cygserver", "winsup\cygserver\cygserver.vcxproj", "{58B40913-FC08-4BD0-809F-9A7F9B14F8BD}"
EndProject
Project("{8BC9CEB8-8B4A-11D0-8D11-00A0C91BC942}") = "chattr", "winsup\utils\chattr.vcxproj", "{2D702B4A-09EF-40E3-B3E1-92FFB99942C4}"
EndProject
Project("{8BC9CEB8-8B4A-11D0-8D11-00A0C91BC942}") = "cygpath", "winsup\utils\cygpath.vcxproj", "{608DC770-C7A0-452F-B7C8-DF423343E617}"
EndProject
Project("{8BC9CEB8-8B4A-11D0-8D11-00A0C91BC942}") = "cygps", "winsup\utils\cygps.vcxproj", "{5189179B-DA59-40FB-AC3C-ADE0CE44F89D}"
EndProject
Project("{8BC9CEB8-8B4A-11D0-8D11-00A0C91BC942}") = "dumper", "winsup\utils\dumper.vcxproj", "{2921C824-002E-4607-8C09-76258691B0D0}"
EndProject
Project("{8BC9CEB8-8B4A-11D0-8D11-00A0C91BC942}") = "gencat", "winsup\utils\gencat.vcxproj", "{A6557481-9DFB-43A8-BAC1-04ED588D5EF1}"
EndProject
Project("{8BC9CEB8-8B4A-11D0-8D11-00A0C91BC942}") = "getconf", "winsup\utils\getconf.vcxproj", "{EB1810AD-3036-4A57-9B68-AEC4A46BB852}"
EndProject
Project("{8BC9CEB8-8B4A-11D0-8D11-00A0C91BC942}") = "getfacl", "winsup\utils\getfacl.vcxproj", "{26769A66-8E27-4CDF-81C4-5B32041C76BD}"
EndProject
Project("{8BC9CEB8-8B4A-11D0-8D11-00A0C91BC942}") = "gmondump", "winsup\utils\gmondump.vcxproj", "{D0BC3432-59D4-465C-8E8D-79802C4A5C0F}"
EndProject
Project("{8BC9CEB8-8B4A-11D0-8D11-00A0C91BC942}") = "kill", "winsup\utils\kill.vcxproj", "{BC2B135D-6018-40AD-8736-D170AEC04FDA}"
EndProject
Project("{8BC9CEB8-8B4A-11D0-8D11-00A0C91BC942}") = "ldd", "winsup\utils\ldd.vcxproj", "{86B3CB60-7654-42CB-8C16-45C3AFB6F868}"
EndProject
Project("{8BC9CEB8-8B4A-11D0-8D11-00A0C91BC942}") = "locale", "winsup\utils\locale.vcxproj", "{B40C9120-FFAD-4F35-A0BA-F8329DBC35D1}"
EndProject
Project("{8BC9CEB8-8B4A-11D0-8D11-00A0C91BC942}") = "lsattr", "winsup\utils\lsattr.vcxproj", "{31E6FAD5-2B3C-4EB8-A967-D8CE92F5FB12}"
EndProject
Project("{8BC9CEB8-8B4A-11D0-8D11-00A0C91BC942}") = "minidumper", "winsup\utils\minidumper.vcxproj", "{2B0B72D6-95B8-4D93-A443-D20D060D690C}"
EndProject
Project("{8BC9CEB8-8B4A-11D0-8D11-00A0C91BC942}") = "mkgroup", "winsup\utils\mkgroup.vcxproj", "{3DF747E8-AB1B-443A-AB11-072EE2ED8E21}"
EndProject
Project("{8BC9CEB8-8B4A-11D0-8D11-00A0C91BC942}") = "mkpasswd", "winsup\utils\mkpasswd.vcxproj", "{46FF19EC-709A-42F3-93C0-373EA26DBF38}"
EndProject
Project("{8BC9CEB8-8B4A-11D0-8D11-00A0C91BC942}") = "mount", "winsup\utils\mount.vcxproj", "{30D3EEDC-0CFA-40A5-9E17-2F9DAF5C549D}"
EndProject
Project("{8BC9CEB8-8B4A-11D0-8D11-00A0C91BC942}") = "passwd", "winsup\utils\passwd.vcxproj", "{B49B5430-D290-4417-8B87-9221662FF150}"
EndProject
Project("{8BC9CEB8-8B4A-11D0-8D11-00A0C91BC942}") = "pldd", "winsup\utils\pldd.vcxproj", "{DB7E4E36-5B88-40B8-AFFE-28FF4B956FFB}"
EndProject
Project("{8BC9CEB8-8B4A-11D0-8D11-00A0C91BC942}") = "profiler", "winsup\utils\profiler.vcxproj", "{E2FE3E47-FDC8-43EF-BCF2-FEBFDDC7173C}"
EndProject
Project("{8BC9CEB8-8B4A-11D0-8D11-00A0C91BC942}") = "regtool", "winsup\utils\regtool.vcxproj", "{33F2B282-6BA5-488A-8C40-E83000B40E17}"
EndProject
Project("{8BC9CEB8-8B4A-11D0-8D11-00A0C91BC942}") = "setfacl", "winsup\utils\setfacl.vcxproj", "{337D98B0-CF92-470F-9ABF-720AACD336ED}"
EndProject
Project("{8BC9CEB8-8B4A-11D0-8D11-00A0C91BC942}") = "setmetamode", "winsup\utils\setmetamode.vcxproj", "{12E5649A-6353-46A3-BCF0-F01A989002D2}"
EndProject
Project("{8BC9CEB8-8B4A-11D0-8D11-00A0C91BC942}") = "ssp", "winsup\utils\ssp.vcxproj", "{C385E154-0027-466E-B8EE-257C21DD1898}"
EndProject
Project("{8BC9CEB8-8B4A-11D0-8D11-00A0C91BC942}") = "tzset", "winsup\utils\tzset.vcxproj", "{2DBD1781-0600-4D62-89D2-302DE3431A61}"
EndProject
Project("{8BC9CEB8-8B4A-11D0-8D11-00A0C91BC942}") = "umount", "winsup\utils\umount.vcxproj", "{FF802641-E02B-4484-B824-50C7E4EE4D9B}"
EndProject
Project("{8BC9CEB8-8B4A-11D0-8D11-00A0C91BC942}") = "cygcheck", "winsup\utils\mingw\cygcheck.vcxproj", "{E520F747-A4C9-4D8E-9139-6AD10FA946FE}"
EndProject
Project("{8BC9CEB8-8B4A-11D0-8D11-00A0C91BC942}") = "cygwin-console-helper", "winsup\utils\mingw\cygwin-console-helper.vcxproj", "{C8DF9669-F093-48EF-AA5D-6A6AD9E57163}"
EndProject
Project("{8BC9CEB8-8B4A-11D0-8D11-00A0C91BC942}") = "ldh", "winsup\utils\mingw\ldh.vcxproj", "{EBDC45CB-1709-472C-AE00-E97CF1606148}"
EndProject
Project("{8BC9CEB8-8B4A-11D0-8D11-00A0C91BC942}") = "path-testsuite", "winsup\utils\mingw\path-testsuite.vcxproj", "{0DB2B0F1-7BE0-4BBF-A6F6-79516C074051}"
EndProject
Project("{8BC9CEB8-8B4A-11D0-8D11-00A0C91BC942}") = "strace", "winsup\utils\mingw\strace.vcxproj", "{86B4809B-7C5C-4E82-B0A9-48162A967A54}"
EndProject
Project("{8BC9CEB8-8B4A-11D0-8D11-00A0C91BC942}") = "libregex", "winsup\cygwin\regex\libregex.vcxproj", "{283932EA-6BE0-49F3-88D1-2E278FEEADDB}"
EndProject
Project("{8BC9CEB8-8B4A-11D0-8D11-00A0C91BC942}") = "libtzcode", "winsup\cygwin\tzcode\libtzcode.vcxproj", "{6F8EE20A-0F61-44DD-9306-0C48F9C32E2C}"
EndProject
Project("{8BC9CEB8-8B4A-11D0-8D11-00A0C91BC942}") = "libmath", "winsup\cygwin\math\libmath.vcxproj", "{0A975C05-AC55-4328-946C-D89AA6E98A45}"
EndProject
Project("{8BC9CEB8-8B4A-11D0-8D11-00A0C91BC942}") = "libargz", "newlib\libc\argz\libargz.vcxproj", "{A5AA4368-1B16-4B99-92D5-03264A9F9327}"
EndProject
Project("{8BC9CEB8-8B4A-11D0-8D11-00A0C91BC942}") = "libctype", "newlib\libc\ctype\libctype.vcxproj", "{AC7B4730-7955-41CB-9D9E-3FC3A24C24B6}"
EndProject
Project("{8BC9CEB8-8B4A-11D0-8D11-00A0C91BC942}") = "liblocale", "newlib\libc\locale\liblocale.vcxproj", "{AE2CE3B7-40BC-4D99-AC52-260D42B27EEF}"
EndProject
Project("{8BC9CEB8-8B4A-11D0-8D11-00A0C91BC942}") = "libmachine", "newlib\libc\machine\libmachine.vcxproj", "{FE55ABCB-99AF-47C1-BB41-1D664D6D53D5}"
EndProject
Project("{8BC9CEB8-8B4A-11D0-8D11-00A0C91BC942}") = "libmisc", "newlib\libc\misc\libmisc.vcxproj", "{7931494A-D86D-4F5B-B130-F8C8F790B35B}"
EndProject
Project("{8BC9CEB8-8B4A-11D0-8D11-00A0C91BC942}") = "libposix", "newlib\libc\posix\libposix.vcxproj", "{4C532113-A071-4E4D-87F6-6F5E06D2065F}"
EndProject
Project("{8BC9CEB8-8B4A-11D0-8D11-00A0C91BC942}") = "libreent", "newlib\libc\reent\libreent.vcxproj", "{275B4010-C09A-4908-98FE-849FE18C0505}"
EndProject
Project("{8BC9CEB8-8B4A-11D0-8D11-00A0C91BC942}") = "libsearch", "newlib\libc\search\libsearch.vcxproj", "{CEDB51EB-BA07-4C9B-9A73-F461399E6333}"
EndProject
Project("{8BC9CEB8-8B4A-11D0-8D11-00A0C91BC942}") = "libsignal", "newlib\libc\signal\libsignal.vcxproj", "{D36900D3-1DE1-436D-8F20-511C02FD7043}"
EndProject
Project("{8BC9CEB8-8B4A-11D0-8D11-00A0C91BC942}") = "libssp", "newlib\libc\ssp\libssp.vcxproj", "{CC4B9D55-7671-410C-A554-9DBE04705387}"
EndProject
Project("{8BC9CEB8-8B4A-11D0-8D11-00A0C91BC942}") = "libstdio", "newlib\libc\stdio\libstdio.vcxproj", "{5709B425-0934-4746-AA85-451E2BA533BB}"
EndProject
Project("{8BC9CEB8-8B4A-11D0-8D11-00A0C91BC942}") = "libstdio64", "newlib\libc\stdio64\libstdio64.vcxproj", "{278A2820-0652-4916-BDE7-6E53D37CD799}"
EndProject
Project("{8BC9CEB8-8B4A-11D0-8D11-00A0C91BC942}") = "libstdlib", "newlib\libc\stdlib\libstdlib.vcxproj", "{3DDC71BC-3E90-41E4-9709-78B2B3E18080}"
EndProject
Project("{8BC9CEB8-8B4A-11D0-8D11-00A0C91BC942}") = "libstring", "newlib\libc\string\libstring.vcxproj", "{F274C116-8F08-41C2-B1EB-C324CF0DB7CB}"
EndProject
Project("{8BC9CEB8-8B4A-11D0-8D11-00A0C91BC942}") = "libsyscalls", "newlib\libc\syscalls\libsyscalls.vcxproj", "{0C01195B-D41F-4D19-AFAB-B9C68F1427E2}"
EndProject
Project("{8BC9CEB8-8B4A-11D0-8D11-00A0C91BC942}") = "libtime", "newlib\libc\time\libtime.vcxproj", "{280118FF-898B-4AC7-AB32-4186A242482A}"
EndProject
Project("{8BC9CEB8-8B4A-11D0-8D11-00A0C91BC942}") = "libxdr", "newlib\libc\xdr\libxdr.vcxproj", "{56B533A0-7AFA-4616-9937-7459CAD0D753}"
EndProject
Global
	GlobalSection(SolutionConfigurationPlatforms) = preSolution
		Debug|x64 = Debug|x64
		Debug|x86 = Debug|x86
		Release|x64 = Release|x64
		Release|x86 = Release|x86
	EndGlobalSection
	GlobalSection(ProjectConfigurationPlatforms) = postSolution
		{089FAD09-2238-43AC-A01F-478937E323AB}.Debug|x64.ActiveCfg = Debug|x64
		{089FAD09-2238-43AC-A01F-478937E323AB}.Debug|x64.Build.0 = Debug|x64
		{089FAD09-2238-43AC-A01F-478937E323AB}.Debug|x86.ActiveCfg = Debug|Win32
		{089FAD09-2238-43AC-A01F-478937E323AB}.Debug|x86.Build.0 = Debug|Win32
		{089FAD09-2238-43AC-A01F-478937E323AB}.Release|x64.ActiveCfg = Release|x64
		{089FAD09-2238-43AC-A01F-478937E323AB}.Release|x64.Build.0 = Release|x64
		{089FAD09-2238-43AC-A01F-478937E323AB}.Release|x86.ActiveCfg = Release|Win32
		{089FAD09-2238-43AC-A01F-478937E323AB}.Release|x86.Build.0 = Release|Win32
		{2EDCB7B7-2D1E-4BD4-8E6A-5ED9D5E8719E}.Debug|x64.ActiveCfg = Debug|x64
		{2EDCB7B7-2D1E-4BD4-8E6A-5ED9D5E8719E}.Debug|x64.Build.0 = Debug|x64
		{2EDCB7B7-2D1E-4BD4-8E6A-5ED9D5E8719E}.Debug|x86.ActiveCfg = Debug|Win32
		{2EDCB7B7-2D1E-4BD4-8E6A-5ED9D5E8719E}.Debug|x86.Build.0 = Debug|Win32
		{2EDCB7B7-2D1E-4BD4-8E6A-5ED9D5E8719E}.Release|x64.ActiveCfg = Release|x64
		{2EDCB7B7-2D1E-4BD4-8E6A-5ED9D5E8719E}.Release|x64.Build.0 = Release|x64
		{2EDCB7B7-2D1E-4BD4-8E6A-5ED9D5E8719E}.Release|x86.ActiveCfg = Release|Win32
		{2EDCB7B7-2D1E-4BD4-8E6A-5ED9D5E8719E}.Release|x86.Build.0 = Release|Win32
		{C723DEA4-739C-40E4-AA62-4246A4DB2EFB}.Debug|x64.ActiveCfg = Debug|x64
		{C723DEA4-739C-40E4-AA62-4246A4DB2EFB}.Debug|x64.Build.0 = Debug|x64
		{C723DEA4-739C-40E4-AA62-4246A4DB2EFB}.Debug|x86.ActiveCfg = Debug|Win32
		{C723DEA4-739C-40E4-AA62-4246A4DB2EFB}.Debug|x86.Build.0 = Debug|Win32
		{C723DEA4-739C-40E4-AA62-4246A4DB2EFB}.Release|x64.ActiveCfg = Release|x64
		{C723DEA4-739C-40E4-AA62-4246A4DB2EFB}.Release|x64.Build.0 = Release|x64
		{C723DEA4-739C-40E4-AA62-4246A4DB2EFB}.Release|x86.ActiveCfg = Release|Win32
		{C723DEA4-739C-40E4-AA62-4246A4DB2EFB}.Release|x86.Build.0 = Release|Win32
		{45EC07B8-747C-47E2-BDE1-58CC25A4EDA7}.Debug|x64.ActiveCfg = Debug|x64
		{45EC07B8-747C-47E2-BDE1-58CC25A4EDA7}.Debug|x64.Build.0 = Debug|x64
		{45EC07B8-747C-47E2-BDE1-58CC25A4EDA7}.Debug|x86.ActiveCfg = Debug|Win32
		{45EC07B8-747C-47E2-BDE1-58CC25A4EDA7}.Debug|x86.Build.0 = Debug|Win32
		{45EC07B8-747C-47E2-BDE1-58CC25A4EDA7}.Release|x64.ActiveCfg = Release|x64
		{45EC07B8-747C-47E2-BDE1-58CC25A4EDA7}.Release|x64.Build.0 = Release|x64
		{45EC07B8-747C-47E2-BDE1-58CC25A4EDA7}.Release|x86.ActiveCfg = Release|Win32
		{45EC07B8-747C-47E2-BDE1-58CC25A4EDA7}.Release|x86.Build.0 = Release|Win32
		{181FBFF6-0EA2-4BE4-8618-6B44F6EAADE2}.Debug|x64.ActiveCfg = Debug|x64
		{181FBFF6-0EA2-4BE4-8618-6B44F6EAADE2}.Debug|x64.Build.0 = Debug|x64
		{181FBFF6-0EA2-4BE4-8618-6B44F6EAADE2}.Debug|x86.ActiveCfg = Debug|Win32
		{181FBFF6-0EA2-4BE4-8618-6B44F6EAADE2}.Debug|x86.Build.0 = Debug|Win32
		{181FBFF6-0EA2-4BE4-8618-6B44F6EAADE2}.Release|x64.ActiveCfg = Release|x64
		{181FBFF6-0EA2-4BE4-8618-6B44F6EAADE2}.Release|x64.Build.0 = Release|x64
		{181FBFF6-0EA2-4BE4-8618-6B44F6EAADE2}.Release|x86.ActiveCfg = Release|Win32
		{181FBFF6-0EA2-4BE4-8618-6B44F6EAADE2}.Release|x86.Build.0 = Release|Win32
		{079A0DD5-D31A-41D9-B4D5-54D04A7E7A31}.Debug|x64.ActiveCfg = Debug|x64
		{079A0DD5-D31A-41D9-B4D5-54D04A7E7A31}.Debug|x64.Build.0 = Debug|x64
		{079A0DD5-D31A-41D9-B4D5-54D04A7E7A31}.Debug|x86.ActiveCfg = Debug|Win32
		{079A0DD5-D31A-41D9-B4D5-54D04A7E7A31}.Debug|x86.Build.0 = Debug|Win32
		{079A0DD5-D31A-41D9-B4D5-54D04A7E7A31}.Release|x64.ActiveCfg = Release|x64
		{079A0DD5-D31A-41D9-B4D5-54D04A7E7A31}.Release|x64.Build.0 = Release|x64
		{079A0DD5-D31A-41D9-B4D5-54D04A7E7A31}.Release|x86.ActiveCfg = Release|Win32
		{079A0DD5-D31A-41D9-B4D5-54D04A7E7A31}.Release|x86.Build.0 = Release|Win32
		{0E9B9D71-EE22-4E88-8F50-3F895E138E92}.Debug|x64.ActiveCfg = Debug|x64
		{0E9B9D71-EE22-4E88-8F50-3F895E138E92}.Debug|x64.Build.0 = Debug|x64
		{0E9B9D71-EE22-4E88-8F50-3F895E138E92}.Debug|x86.ActiveCfg = Debug|Win32
		{0E9B9D71-EE22-4E88-8F50-3F895E138E92}.Debug|x86.Build.0 = Debug|Win32
		{0E9B9D71-EE22-4E88-8F50-3F895E138E92}.Release|x64.ActiveCfg = Release|x64
		{0E9B9D71-EE22-4E88-8F50-3F895E138E92}.Release|x64.Build.0 = Release|x64
		{0E9B9D71-EE22-4E88-8F50-3F895E138E92}.Release|x86.ActiveCfg = Release|Win32
		{0E9B9D71-EE22-4E88-8F50-3F895E138E92}.Release|x86.Build.0 = Release|Win32
		{85E83033-543C-438E-B0FC-EB94C0C3938D}.Debug|x64.ActiveCfg = Debug|x64
		{85E83033-543C-438E-B0FC-EB94C0C3938D}.Debug|x64.Build.0 = Debug|x64
		{85E83033-543C-438E-B0FC-EB94C0C3938D}.Debug|x86.ActiveCfg = Debug|Win32
		{85E83033-543C-438E-B0FC-EB94C0C3938D}.Debug|x86.Build.0 = Debug|Win32
		{85E83033-543C-438E-B0FC-EB94C0C3938D}.Release|x64.ActiveCfg = Release|x64
		{85E83033-543C-438E-B0FC-EB94C0C3938D}.Release|x64.Build.0 = Release|x64
		{85E83033-543C-438E-B0FC-EB94C0C3938D}.Release|x86.ActiveCfg = Release|Win32
		{85E83033-543C-438E-B0FC-EB94C0C3938D}.Release|x86.Build.0 = Release|Win32
		{A8FE8653-F3F4-43A0-83C9-8F90642C02F5}.Debug|x64.ActiveCfg = Debug|x64
		{A8FE8653-F3F4-43A0-83C9-8F90642C02F5}.Debug|x64.Build.0 = Debug|x64
		{A8FE8653-F3F4-43A0-83C9-8F90642C02F5}.Debug|x86.ActiveCfg = Debug|Win32
		{A8FE8653-F3F4-43A0-83C9-8F90642C02F5}.Debug|x86.Build.0 = Debug|Win32
		{A8FE8653-F3F4-43A0-83C9-8F90642C02F5}.Release|x64.ActiveCfg = Release|x64
		{A8FE8653-F3F4-43A0-83C9-8F90642C02F5}.Release|x64.Build.0 = Release|x64
		{A8FE8653-F3F4-43A0-83C9-8F90642C02F5}.Release|x86.ActiveCfg = Release|Win32
		{A8FE8653-F3F4-43A0-83C9-8F90642C02F5}.Release|x86.Build.0 = Release|Win32
		{AD8A743A-BA5C-4819-A4EC-1877D79BCEBB}.Debug|x64.ActiveCfg = Debug|x64
		{AD8A743A-BA5C-4819-A4EC-1877D79BCEBB}.Debug|x64.Build.0 = Debug|x64
		{AD8A743A-BA5C-4819-A4EC-1877D79BCEBB}.Debug|x86.ActiveCfg = Debug|Win32
		{AD8A743A-BA5C-4819-A4EC-1877D79BCEBB}.Debug|x86.Build.0 = Debug|Win32
		{AD8A743A-BA5C-4819-A4EC-1877D79BCEBB}.Release|x64.ActiveCfg = Release|x64
		{AD8A743A-BA5C-4819-A4EC-1877D79BCEBB}.Release|x64.Build.0 = Release|x64
		{AD8A743A-BA5C-4819-A4EC-1877D79BCEBB}.Release|x86.ActiveCfg = Release|Win32
		{AD8A743A-BA5C-4819-A4EC-1877D79BCEBB}.Release|x86.Build.0 = Release|Win32
		{0E8FD8F3-3320-4A74-9D3F-8BF5AF14C393}.Debug|x64.ActiveCfg = Debug|x64
		{0E8FD8F3-3320-4A74-9D3F-8BF5AF14C393}.Debug|x64.Build.0 = Debug|x64
		{0E8FD8F3-3320-4A74-9D3F-8BF5AF14C393}.Debug|x86.ActiveCfg = Debug|Win32
		{0E8FD8F3-3320-4A74-9D3F-8BF5AF14C393}.Debug|x86.Build.0 = Debug|Win32
		{0E8FD8F3-3320-4A74-9D3F-8BF5AF14C393}.Release|x64.ActiveCfg = Release|x64
		{0E8FD8F3-3320-4A74-9D3F-8BF5AF14C393}.Release|x64.Build.0 = Release|x64
		{0E8FD8F3-3320-4A74-9D3F-8BF5AF14C393}.Release|x86.ActiveCfg = Release|Win32
		{0E8FD8F3-3320-4A74-9D3F-8BF5AF14C393}.Release|x86.Build.0 = Release|Win32
		{BA10E609-59B3-48E5-A259-D100AFAB31F5}.Debug|x64.ActiveCfg = Debug|x64
		{BA10E609-59B3-48E5-A259-D100AFAB31F5}.Debug|x64.Build.0 = Debug|x64
		{BA10E609-59B3-48E5-A259-D100AFAB31F5}.Debug|x86.ActiveCfg = Debug|Win32
		{BA10E609-59B3-48E5-A259-D100AFAB31F5}.Debug|x86.Build.0 = Debug|Win32
		{BA10E609-59B3-48E5-A259-D100AFAB31F5}.Release|x64.ActiveCfg = Release|x64
		{BA10E609-59B3-48E5-A259-D100AFAB31F5}.Release|x64.Build.0 = Release|x64
		{BA10E609-59B3-48E5-A259-D100AFAB31F5}.Release|x86.ActiveCfg = Release|Win32
		{BA10E609-59B3-48E5-A259-D100AFAB31F5}.Release|x86.Build.0 = Release|Win32
		{490836C3-5827-478E-9A40-487081CB406B}.Debug|x64.ActiveCfg = Debug|x64
		{490836C3-5827-478E-9A40-487081CB406B}.Debug|x64.Build.0 = Debug|x64
		{490836C3-5827-478E-9A40-487081CB406B}.Debug|x86.ActiveCfg = Debug|Win32
		{490836C3-5827-478E-9A40-487081CB406B}.Debug|x86.Build.0 = Debug|Win32
		{490836C3-5827-478E-9A40-487081CB406B}.Release|x64.ActiveCfg = Release|x64
		{490836C3-5827-478E-9A40-487081CB406B}.Release|x64.Build.0 = Release|x64
		{490836C3-5827-478E-9A40-487081CB406B}.Release|x86.ActiveCfg = Release|Win32
		{490836C3-5827-478E-9A40-487081CB406B}.Release|x86.Build.0 = Release|Win32
		{0ED379CF-649B-4BC8-B0B3-87A7A1B6679C}.Debug|x64.ActiveCfg = Debug|x64
		{0ED379CF-649B-4BC8-B0B3-87A7A1B6679C}.Debug|x64.Build.0 = Debug|x64
		{0ED379CF-649B-4BC8-B0B3-87A7A1B6679C}.Debug|x86.ActiveCfg = Debug|Win32
		{0ED379CF-649B-4BC8-B0B3-87A7A1B6679C}.Debug|x86.Build.0 = Debug|Win32
		{0ED379CF-649B-4BC8-B0B3-87A7A1B6679C}.Release|x64.ActiveCfg = Release|x64
		{0ED379CF-649B-4BC8-B0B3-87A7A1B6679C}.Release|x64.Build.0 = Release|x64
		{0ED379CF-649B-4BC8-B0B3-87A7A1B6679C}.Release|x86.ActiveCfg = Release|Win32
		{0ED379CF-649B-4BC8-B0B3-87A7A1B6679C}.Release|x86.Build.0 = Release|Win32
		{EDD432FD-4E2A-4EC9-8F20-AF63EE4BE044}.Debug|x64.ActiveCfg = Debug|x64
		{EDD432FD-4E2A-4EC9-8F20-AF63EE4BE044}.Debug|x64.Build.0 = Debug|x64
		{EDD432FD-4E2A-4EC9-8F20-AF63EE4BE044}.Debug|x86.ActiveCfg = Debug|Win32
		{EDD432FD-4E2A-4EC9-8F20-AF63EE4BE044}.Debug|x86.Build.0 = Debug|Win32
		{EDD432FD-4E2A-4EC9-8F20-AF63EE4BE044}.Release|x64.ActiveCfg = Release|x64
		{EDD432FD-4E2A-4EC9-8F20-AF63EE4BE044}.Release|x64.Build.0 = Release|x64
		{EDD432FD-4E2A-4EC9-8F20-AF63EE4BE044}.Release|x86.ActiveCfg = Release|Win32
		{EDD432FD-4E2A-4EC9-8F20-AF63EE4BE044}.Release|x86.Build.0 = Release|Win32
		{58B40913-FC08-4BD0-809F-9A7F9B14F8BD}.Debug|x64.ActiveCfg = Debug|x64
		{58B40913-FC08-4BD0-809F-9A7F9B14F8BD}.Debug|x64.Build.0 = Debug|x64
		{58B40913-FC08-4BD0-809F-9A7F9B14F8BD}.Debug|x86.ActiveCfg = Debug|Win32
		{58B40913-FC08-4BD0-809F-9A7F9B14F8BD}.Debug|x86.Build.0 = Debug|Win32
		{58B40913-FC08-4BD0-809F-9A7F9B14F8BD}.Release|x64.ActiveCfg = Release|x64
		{58B40913-FC08-4BD0-809F-9A7F9B14F8BD}.Release|x64.Build.0 = Release|x64
		{58B40913-FC08-4BD0-809F-9A7F9B14F8BD}.Release|x86.ActiveCfg = Release|Win32
		{58B40913-FC08-4BD0-809F-9A7F9B14F8BD}.Release|x86.Build.0 = Release|Win32
		{2D702B4A-09EF-40E3-B3E1-92FFB99942C4}.Debug|x64.ActiveCfg = Debug|x64
		{2D702B4A-09EF-40E3-B3E1-92FFB99942C4}.Debug|x64.Build.0 = Debug|x64
		{2D702B4A-09EF-40E3-B3E1-92FFB99942C4}.Debug|x86.ActiveCfg = Debug|Win32
		{2D702B4A-09EF-40E3-B3E1-92FFB99942C4}.Debug|x86.Build.0 = Debug|Win32
		{2D702B4A-09EF-40E3-B3E1-92FFB99942C4}.Release|x64.ActiveCfg = Release|x64
		{2D702B4A-09EF-40E3-B3E1-92FFB99942C4}.Release|x64.Build.0 = Release|x64
		{2D702B4A-09EF-40E3-B3E1-92FFB99942C4}.Release|x86.ActiveCfg = Release|Win32
		{2D702B4A-09EF-40E3-B3E1-92FFB99942C4}.Release|x86.Build.0 = Release|Win32
		{608DC770-C7A0-452F-B7C8-DF423343E617}.Debug|x64.ActiveCfg = Debug|x64
		{608DC770-C7A0-452F-B7C8-DF423343E617}.Debug|x64.Build.0 = Debug|x64
		{608DC770-C7A0-452F-B7C8-DF423343E617}.Debug|x86.ActiveCfg = Debug|Win32
		{608DC770-C7A0-452F-B7C8-DF423343E617}.Debug|x86.Build.0 = Debug|Win32
		{608DC770-C7A0-452F-B7C8-DF423343E617}.Release|x64.ActiveCfg = Release|x64
		{608DC770-C7A0-452F-B7C8-DF423343E617}.Release|x64.Build.0 = Release|x64
		{608DC770-C7A0-452F-B7C8-DF423343E617}.Release|x86.ActiveCfg = Release|Win32
		{608DC770-C7A0-452F-B7C8-DF423343E617}.Release|x86.Build.0 = Release|Win32
		{5189179B-DA59-40FB-AC3C-ADE0CE44F89D}.Debug|x64.ActiveCfg = Debug|x64
		{5189179B-DA59-40FB-AC3C-ADE0CE44F89D}.Debug|x64.Build.0 = Debug|x64
		{5189179B-DA59-40FB-AC3C-ADE0CE44F89D}.Debug|x86.ActiveCfg = Debug|Win32
		{5189179B-DA59-40FB-AC3C-ADE0CE44F89D}.Debug|x86.Build.0 = Debug|Win32
		{5189179B-DA59-40FB-AC3C-ADE0CE44F89D}.Release|x64.ActiveCfg = Release|x64
		{5189179B-DA59-40FB-AC3C-ADE0CE44F89D}.Release|x64.Build.0 = Release|x64
		{5189179B-DA59-40FB-AC3C-ADE0CE44F89D}.Release|x86.ActiveCfg = Release|Win32
		{5189179B-DA59-40FB-AC3C-ADE0CE44F89D}.Release|x86.Build.0 = Release|Win32
		{2921C824-002E-4607-8C09-76258691B0D0}.Debug|x64.ActiveCfg = Debug|x64
		{2921C824-002E-4607-8C09-76258691B0D0}.Debug|x64.Build.0 = Debug|x64
		{2921C824-002E-4607-8C09-76258691B0D0}.Debug|x86.ActiveCfg = Debug|Win32
		{2921C824-002E-4607-8C09-76258691B0D0}.Debug|x86.Build.0 = Debug|Win32
		{2921C824-002E-4607-8C09-76258691B0D0}.Release|x64.ActiveCfg = Release|x64
		{2921C824-002E-4607-8C09-76258691B0D0}.Release|x64.Build.0 = Release|x64
		{2921C824-002E-4607-8C09-76258691B0D0}.Release|x86.ActiveCfg = Release|Win32
		{2921C824-002E-4607-8C09-76258691B0D0}.Release|x86.Build.0 = Release|Win32
		{A6557481-9DFB-43A8-BAC1-04ED588D5EF1}.Debug|x64.ActiveCfg = Debug|x64
		{A6557481-9DFB-43A8-BAC1-04ED588D5EF1}.Debug|x64.Build.0 = Debug|x64
		{A6557481-9DFB-43A8-BAC1-04ED588D5EF1}.Debug|x86.ActiveCfg = Debug|Win32
		{A6557481-9DFB-43A8-BAC1-04ED588D5EF1}.Debug|x86.Build.0 = Debug|Win32
		{A6557481-9DFB-43A8-BAC1-04ED588D5EF1}.Release|x64.ActiveCfg = Release|x64
		{A6557481-9DFB-43A8-BAC1-04ED588D5EF1}.Release|x64.Build.0 = Release|x64
		{A6557481-9DFB-43A8-BAC1-04ED588D5EF1}.Release|x86.ActiveCfg = Release|Win32
		{A6557481-9DFB-43A8-BAC1-04ED588D5EF1}.Release|x86.Build.0 = Release|Win32
		{EB1810AD-3036-4A57-9B68-AEC4A46BB852}.Debug|x64.ActiveCfg = Debug|x64
		{EB1810AD-3036-4A57-9B68-AEC4A46BB852}.Debug|x64.Build.0 = Debug|x64
		{EB1810AD-3036-4A57-9B68-AEC4A46BB852}.Debug|x86.ActiveCfg = Debug|Win32
		{EB1810AD-3036-4A57-9B68-AEC4A46BB852}.Debug|x86.Build.0 = Debug|Win32
		{EB1810AD-3036-4A57-9B68-AEC4A46BB852}.Release|x64.ActiveCfg = Release|x64
		{EB1810AD-3036-4A57-9B68-AEC4A46BB852}.Release|x64.Build.0 = Release|x64
		{EB1810AD-3036-4A57-9B68-AEC4A46BB852}.Release|x86.ActiveCfg = Release|Win32
		{EB1810AD-3036-4A57-9B68-AEC4A46BB852}.Release|x86.Build.0 = Release|Win32
		{26769A66-8E27-4CDF-81C4-5B32041C76BD}.Debug|x64.ActiveCfg = Debug|x64
		{26769A66-8E27-4CDF-81C4-5B32041C76BD}.Debug|x64.Build.0 = Debug|x64
		{26769A66-8E27-4CDF-81C4-5B32041C76BD}.Debug|x86.ActiveCfg = Debug|Win32
		{26769A66-8E27-4CDF-81C4-5B32041C76BD}.Debug|x86.Build.0 = Debug|Win32
		{26769A66-8E27-4CDF-81C4-5B32041C76BD}.Release|x64.ActiveCfg = Release|x64
		{26769A66-8E27-4CDF-81C4-5B32041C76BD}.Release|x64.Build.0 = Release|x64
		{26769A66-8E27-4CDF-81C4-5B32041C76BD}.Release|x86.ActiveCfg = Release|Win32
		{26769A66-8E27-4CDF-81C4-5B32041C76BD}.Release|x86.Build.0 = Release|Win32
		{D0BC3432-59D4-465C-8E8D-79802C4A5C0F}.Debug|x64.ActiveCfg = Debug|x64
		{D0BC3432-59D4-465C-8E8D-79802C4A5C0F}.Debug|x64.Build.0 = Debug|x64
		{D0BC3432-59D4-465C-8E8D-79802C4A5C0F}.Debug|x86.ActiveCfg = Debug|Win32
		{D0BC3432-59D4-465C-8E8D-79802C4A5C0F}.Debug|x86.Build.0 = Debug|Win32
		{D0BC3432-59D4-465C-8E8D-79802C4A5C0F}.Release|x64.ActiveCfg = Release|x64
		{D0BC3432-59D4-465C-8E8D-79802C4A5C0F}.Release|x64.Build.0 = Release|x64
		{D0BC3432-59D4-465C-8E8D-79802C4A5C0F}.Release|x86.ActiveCfg = Release|Win32
		{D0BC3432-59D4-465C-8E8D-79802C4A5C0F}.Release|x86.Build.0 = Release|Win32
		{BC2B135D-6018-40AD-8736-D170AEC04FDA}.Debug|x64.ActiveCfg = Debug|x64
		{BC2B135D-6018-40AD-8736-D170AEC04FDA}.Debug|x64.Build.0 = Debug|x64
		{BC2B135D-6018-40AD-8736-D170AEC04FDA}.Debug|x86.ActiveCfg = Debug|Win32
		{BC2B135D-6018-40AD-8736-D170AEC04FDA}.Debug|x86.Build.0 = Debug|Win32
		{BC2B135D-6018-40AD-8736-D170AEC04FDA}.Release|x64.ActiveCfg = Release|x64
		{BC2B135D-6018-40AD-8736-D170AEC04FDA}.Release|x64.Build.0 = Release|x64
		{BC2B135D-6018-40AD-8736-D170AEC04FDA}.Release|x86.ActiveCfg = Release|Win32
		{BC2B135D-6018-40AD-8736-D170AEC04FDA}.Release|x86.Build.0 = Release|Win32
		{86B3CB60-7654-42CB-8C16-45C3AFB6F868}.Debug|x64.ActiveCfg = Debug|x64
		{86B3CB60-7654-42CB-8C16-45C3AFB6F868}.Debug|x64.Build.0 = Debug|x64
		{86B3CB60-7654-42CB-8C16-45C3AFB6F868}.Debug|x86.ActiveCfg = Debug|Win32
		{86B3CB60-7654-42CB-8C16-45C3AFB6F868}.Debug|x86.Build.0 = Debug|Win32
		{86B3CB60-7654-42CB-8C16-45C3AFB6F868}.Release|x64.ActiveCfg = Release|x64
		{86B3CB60-7654-42CB-8C16-45C3AFB6F868}.Release|x64.Build.0 = Release|x64
		{86B3CB60-7654-42CB-8C16-45C3AFB6F868}.Release|x86.ActiveCfg = Release|Win32
		{86B3CB60-7654-42CB-8C16-45C3AFB6F868}.Release|x86.Build.0 = Release|Win32
		{B40C9120-FFAD-4F35-A0BA-F8329DBC35D1}.Debug|x64.ActiveCfg = Debug|x64
		{B40C9120-FFAD-4F35-A0BA-F8329DBC35D1}.Debug|x64.Build.0 = Debug|x64
		{B40C9120-FFAD-4F35-A0BA-F8329DBC35D1}.Debug|x86.ActiveCfg = Debug|Win32
		{B40C9120-FFAD-4F35-A0BA-F8329DBC35D1}.Debug|x86.Build.0 = Debug|Win32
		{B40C9120-FFAD-4F35-A0BA-F8329DBC35D1}.Release|x64.ActiveCfg = Release|x64
		{B40C9120-FFAD-4F35-A0BA-F8329DBC35D1}.Release|x64.Build.0 = Release|x64
		{B40C9120-FFAD-4F35-A0BA-F8329DBC35D1}.Release|x86.ActiveCfg = Release|Win32
		{B40C9120-FFAD-4F35-A0BA-F8329DBC35D1}.Release|x86.Build.0 = Release|Win32
		{31E6FAD5-2B3C-4EB8-A967-D8CE92F5FB12}.Debug|x64.ActiveCfg = Debug|x64
		{31E6FAD5-2B3C-4EB8-A967-D8CE92F5FB12}.Debug|x64.Build.0 = Debug|x64
		{31E6FAD5-2B3C-4EB8-A967-D8CE92F5FB12}.Debug|x86.ActiveCfg = Debug|Win32
		{31E6FAD5-2B3C-4EB8-A967-D8CE92F5FB12}.Debug|x86.Build.0 = Debug|Win32
		{31E6FAD5-2B3C-4EB8-A967-D8CE92F5FB12}.Release|x64.ActiveCfg = Release|x64
		{31E6FAD5-2B3C-4EB8-A967-D8CE92F5FB12}.Release|x64.Build.0 = Release|x64
		{31E6FAD5-2B3C-4EB8-A967-D8CE92F5FB12}.Release|x86.ActiveCfg = Release|Win32
		{31E6FAD5-2B3C-4EB8-A967-D8CE92F5FB12}.Release|x86.Build.0 = Release|Win32
		{2B0B72D6-95B8-4D93-A443-D20D060D690C}.Debug|x64.ActiveCfg = Debug|x64
		{2B0B72D6-95B8-4D93-A443-D20D060D690C}.Debug|x64.Build.0 = Debug|x64
		{2B0B72D6-95B8-4D93-A443-D20D060D690C}.Debug|x86.ActiveCfg = Debug|Win32
		{2B0B72D6-95B8-4D93-A443-D20D060D690C}.Debug|x86.Build.0 = Debug|Win32
		{2B0B72D6-95B8-4D93-A443-D20D060D690C}.Release|x64.ActiveCfg = Release|x64
		{2B0B72D6-95B8-4D93-A443-D20D060D690C}.Release|x64.Build.0 = Release|x64
		{2B0B72D6-95B8-4D93-A443-D20D060D690C}.Release|x86.ActiveCfg = Release|Win32
		{2B0B72D6-95B8-4D93-A443-D20D060D690C}.Release|x86.Build.0 = Release|Win32
		{3DF747E8-AB1B-443A-AB11-072EE2ED8E21}.Debug|x64.ActiveCfg = Debug|x64
		{3DF747E8-AB1B-443A-AB11-072EE2ED8E21}.Debug|x64.Build.0 = Debug|x64
		{3DF747E8-AB1B-443A-AB11-072EE2ED8E21}.Debug|x86.ActiveCfg = Debug|Win32
		{3DF747E8-AB1B-443A-AB11-072EE2ED8E21}.Debug|x86.Build.0 = Debug|Win32
		{3DF747E8-AB1B-443A-AB11-072EE2ED8E21}.Release|x64.ActiveCfg = Release|x64
		{3DF747E8-AB1B-443A-AB11-072EE2ED8E21}.Release|x64.Build.0 = Release|x64
		{3DF747E8-AB1B-443A-AB11-072EE2ED8E21}.Release|x86.ActiveCfg = Release|Win32
		{3DF747E8-AB1B-443A-AB11-072EE2ED8E21}.Release|x86.Build.0 = Release|Win32
		{46FF19EC-709A-42F3-93C0-373EA26DBF38}.Debug|x64.ActiveCfg = Debug|x64
		{46FF19EC-709A-42F3-93C0-373EA26DBF38}.Debug|x64.Build.0 = Debug|x64
		{46FF19EC-709A-42F3-93C0-373EA26DBF38}.Debug|x86.ActiveCfg = Debug|Win32
		{46FF19EC-709A-42F3-93C0-373EA26DBF38}.Debug|x86.Build.0 = Debug|Win32
		{46FF19EC-709A-42F3-93C0-373EA26DBF38}.Release|x64.ActiveCfg = Release|x64
		{46FF19EC-709A-42F3-93C0-373EA26DBF38}.Release|x64.Build.0 = Release|x64
		{46FF19EC-709A-42F3-93C0-373EA26DBF38}.Release|x86.ActiveCfg = Release|Win32
		{46FF19EC-709A-42F3-93C0-373EA26DBF38}.Release|x86.Build.0 = Release|Win32
		{30D3EEDC-0CFA-40A5-9E17-2F9DAF5C549D}.Debug|x64.ActiveCfg = Debug|x64
		{30D3EEDC-0CFA-40A5-9E17-2F9DAF5C549D}.Debug|x64.Build.0 = Debug|x64
		{30D3EEDC-0CFA-40A5-9E17-2F9DAF5C549D}.Debug|x86.ActiveCfg = Debug|Win32
		{30D3EEDC-0CFA-40A5-9E17-2F9DAF5C549D}.Debug|x86.Build.0 = Debug|Win32
		{30D3EEDC-0CFA-40A5-9E17-2F9DAF5C549D}.Release|x64.ActiveCfg = Release|x64
		{30D3EEDC-0CFA-40A5-9E17-2F9DAF5C549D}.Release|x64.Build.0 = Release|x64
		{30D3EEDC-0CFA-40A5-9E17-2F9DAF5C549D}.Release|x86.ActiveCfg = Release|Win32
		{30D3EEDC-0CFA-40A5-9E17-2F9DAF5C549D}.Release|x86.Build.0 = Release|Win32
		{B49B5430-D290-4417-8B87-9221662FF150}.Debug|x64.ActiveCfg = Debug|x64
		{B49B5430-D290-4417-8B87-9221662FF150}.Debug|x64.Build.0 = Debug|x64
		{B49B5430-D290-4417-8B87-9221662FF150}.Debug|x86.ActiveCfg = Debug|Win32
		{B49B5430-D290-4417-8B87-9221662FF150}.Debug|x86.Build.0 = Debug|Win32
		{B49B5430-D290-4417-8B87-9221662FF150}.Release|x64.ActiveCfg = Release|x64
		{B49B5430-D290-4417-8B87-9221662FF150}.Release|x64.Build.0 = Release|x64
		{B49B5430-D290-4417-8B87-9221662FF150}.Release|x86.ActiveCfg = Release|Win32
		{B49B5430-D290-4417-8B87-9221662FF150}.Release|x86.Build.0 = Release|Win32
		{DB7E4E36-5B88-40B8-AFFE-28FF4B956FFB}.Debug|x64.ActiveCfg = Debug|x64
		{DB7E4E36-5B88-40B8-AFFE-28FF4B956FFB}.Debug|x64.Build.0 = Debug|x64
		{DB7E4E36-5B88-40B8-AFFE-28FF4B956FFB}.Debug|x86.ActiveCfg = Debug|Win32
		{DB7E4E36-5B88-40B8-AFFE-28FF4B956FFB}.Debug|x86.Build.0 = Debug|Win32
		{DB7E4E36-5B88-40B8-AFFE-28FF4B956FFB}.Release|x64.ActiveCfg = Release|x64
		{DB7E4E36-5B88-40B8-AFFE-28FF4B956FFB}.Release|x64.Build.0 = Release|x64
		{DB7E4E36-5B88-40B8-AFFE-28FF4B956FFB}.Release|x86.ActiveCfg = Release|Win32
		{DB7E4E36-5B88-40B8-AFFE-28FF4B956FFB}.Release|x86.Build.0 = Release|Win32
		{E2FE3E47-FDC8-43EF-BCF2-FEBFDDC7173C}.Debug|x64.ActiveCfg = Debug|x64
		{E2FE3E47-FDC8-43EF-BCF2-FEBFDDC7173C}.Debug|x64.Build.0 = Debug|x64
		{E2FE3E47-FDC8-43EF-BCF2-FEBFDDC7173C}.Debug|x86.ActiveCfg = Debug|Win32
		{E2FE3E47-FDC8-43EF-BCF2-FEBFDDC7173C}.Debug|x86.Build.0 = Debug|Win32
		{E2FE3E47-FDC8-43EF-BCF2-FEBFDDC7173C}.Release|x64.ActiveCfg = Release|x64
		{E2FE3E47-FDC8-43EF-BCF2-FEBFDDC7173C}.Release|x64.Build.0 = Release|x64
		{E2FE3E47-FDC8-43EF-BCF2-FEBFDDC7173C}.Release|x86.ActiveCfg = Release|Win32
		{E2FE3E47-FDC8-43EF-BCF2-FEBFDDC7173C}.Release|x86.Build.0 = Release|Win32
		{33F2B282-6BA5-488A-8C40-E83000B40E17}.Debug|x64.ActiveCfg = Debug|x64
		{33F2B282-6BA5-488A-8C40-E83000B40E17}.Debug|x64.Build.0 = Debug|x64
		{33F2B282-6BA5-488A-8C40-E83000B40E17}.Debug|x86.ActiveCfg = Debug|Win32
		{33F2B282-6BA5-488A-8C40-E83000B40E17}.Debug|x86.Build.0 = Debug|Win32
		{33F2B282-6BA5-488A-8C40-E83000B40E17}.Release|x64.ActiveCfg = Release|x64
		{33F2B282-6BA5-488A-8C40-E83000B40E17}.Release|x64.Build.0 = Release|x64
		{33F2B282-6BA5-488A-8C40-E83000B40E17}.Release|x86.ActiveCfg = Release|Win32
		{33F2B282-6BA5-488A-8C40-E83000B40E17}.Release|x86.Build.0 = Release|Win32
		{337D98B0-CF92-470F-9ABF-720AACD336ED}.Debug|x64.ActiveCfg = Debug|x64
		{337D98B0-CF92-470F-9ABF-720AACD336ED}.Debug|x64.Build.0 = Debug|x64
		{337D98B0-CF92-470F-9ABF-720AACD336ED}.Debug|x86.ActiveCfg = Debug|Win32
		{337D98B0-CF92-470F-9ABF-720AACD336ED}.Debug|x86.Build.0 = Debug|Win32
		{337D98B0-CF92-470F-9ABF-720AACD336ED}.Release|x64.ActiveCfg = Release|x64
		{337D98B0-CF92-470F-9ABF-720AACD336ED}.Release|x64.Build.0 = Release|x64
		{337D98B0-CF92-470F-9ABF-720AACD336ED}.Release|x86.ActiveCfg = Release|Win32
		{337D98B0-CF92-470F-9ABF-720AACD336ED}.Release|x86.Build.0 = Release|Win32
		{12E5649A-6353-46A3-BCF0-F01A989002D2}.Debug|x64.ActiveCfg = Debug|x64
		{12E5649A-6353-46A3-BCF0-F01A989002D2}.Debug|x64.Build.0 = Debug|x64
		{12E5649A-6353-46A3-BCF0-F01A989002D2}.Debug|x86.ActiveCfg = Debug|Win32
		{12E5649A-6353-46A3-BCF0-F01A989002D2}.Debug|x86.Build.0 = Debug|Win32
		{12E5649A-6353-46A3-BCF0-F01A989002D2}.Release|x64.ActiveCfg = Release|x64
		{12E5649A-6353-46A3-BCF0-F01A989002D2}.Release|x64.Build.0 = Release|x64
		{12E5649A-6353-46A3-BCF0-F01A989002D2}.Release|x86.ActiveCfg = Release|Win32
		{12E5649A-6353-46A3-BCF0-F01A989002D2}.Release|x86.Build.0 = Release|Win32
		{C385E154-0027-466E-B8EE-257C21DD1898}.Debug|x64.ActiveCfg = Debug|x64
		{C385E154-0027-466E-B8EE-257C21DD1898}.Debug|x64.Build.0 = Debug|x64
		{C385E154-0027-466E-B8EE-257C21DD1898}.Debug|x86.ActiveCfg = Debug|Win32
		{C385E154-0027-466E-B8EE-257C21DD1898}.Debug|x86.Build.0 = Debug|Win32
		{C385E154-0027-466E-B8EE-257C21DD1898}.Release|x64.ActiveCfg = Release|x64
		{C385E154-0027-466E-B8EE-257C21DD1898}.Release|x64.Build.0 = Release|x64
		{C385E154-0027-466E-B8EE-257C21DD1898}.Release|x86.ActiveCfg = Release|Win32
		{C385E154-0027-466E-B8EE-257C21DD1898}.Release|x86.Build.0 = Release|Win32
		{2DBD1781-0600-4D62-89D2-302DE3431A61}.Debug|x64.ActiveCfg = Debug|x64
		{2DBD1781-0600-4D62-89D2-302DE3431A61}.Debug|x64.Build.0 = Debug|x64
		{2DBD1781-0600-4D62-89D2-302DE3431A61}.Debug|x86.ActiveCfg = Debug|Win32
		{2DBD1781-0600-4D62-89D2-302DE3431A61}.Debug|x86.Build.0 = Debug|Win32
		{2DBD1781-0600-4D62-89D2-302DE3431A61}.Release|x64.ActiveCfg = Release|x64
		{2DBD1781-0600-4D62-89D2-302DE3431A61}.Release|x64.Build.0 = Release|x64
		{2DBD1781-0600-4D62-89D2-302DE3431A61}.Release|x86.ActiveCfg = Release|Win32
		{2DBD1781-0600-4D62-89D2-302DE3431A61}.Release|x86.Build.0 = Release|Win32
		{FF802641-E02B-4484-B824-50C7E4EE4D9B}.Debug|x64.ActiveCfg = Debug|x64
		{FF802641-E02B-4484-B824-50C7E4EE4D9B}.Debug|x64.Build.0 = Debug|x64
		{FF802641-E02B-4484-B824-50C7E4EE4D9B}.Debug|x86.ActiveCfg = Debug|Win32
		{FF802641-E02B-4484-B824-50C7E4EE4D9B}.Debug|x86.Build.0 = Debug|Win32
		{FF802641-E02B-4484-B824-50C7E4EE4D9B}.Release|x64.ActiveCfg = Release|x64
		{FF802641-E02B-4484-B824-50C7E4EE4D9B}.Release|x64.Build.0 = Release|x64
		{FF802641-E02B-4484-B824-50C7E4EE4D9B}.Release|x86.ActiveCfg = Release|Win32
		{FF802641-E02B-4484-B824-50C7E4EE4D9B}.Release|x86.Build.0 = Release|Win32
		{E520F747-A4C9-4D8E-9139-6AD10FA946FE}.Debug|x64.ActiveCfg = Debug|x64
		{E520F747-A4C9-4D8E-9139-6AD10FA946FE}.Debug|x64.Build.0 = Debug|x64
		{E520F747-A4C9-4D8E-9139-6AD10FA946FE}.Debug|x86.ActiveCfg = Debug|Win32
		{E520F747-A4C9-4D8E-9139-6AD10FA946FE}.Debug|x86.Build.0 = Debug|Win32
		{E520F747-A4C9-4D8E-9139-6AD10FA946FE}.Release|x64.ActiveCfg = Release|x64
		{E520F747-A4C9-4D8E-9139-6AD10FA946FE}.Release|x64.Build.0 = Release|x64
		{E520F747-A4C9-4D8E-9139-6AD10FA946FE}.Release|x86.ActiveCfg = Release|Win32
		{E520F747-A4C9-4D8E-9139-6AD10FA946FE}.Release|x86.Build.0 = Release|Win32
		{C8DF9669-F093-48EF-AA5D-6A6AD9E57163}.Debug|x64.ActiveCfg = Debug|x64
		{C8DF9669-F093-48EF-AA5D-6A6AD9E57163}.Debug|x64.Build.0 = Debug|x64
		{C8DF9669-F093-48EF-AA5D-6A6AD9E57163}.Debug|x86.ActiveCfg = Debug|Win32
		{C8DF9669-F093-48EF-AA5D-6A6AD9E57163}.Debug|x86.Build.0 = Debug|Win32
		{C8DF9669-F093-48EF-AA5D-6A6AD9E57163}.Release|x64.ActiveCfg = Release|x64
		{C8DF9669-F093-48EF-AA5D-6A6AD9E57163}.Release|x64.Build.0 = Release|x64
		{C8DF9669-F093-48EF-AA5D-6A6AD9E57163}.Release|x86.ActiveCfg = Release|Win32
		{C8DF9669-F093-48EF-AA5D-6A6AD9E57163}.Release|x86.Build.0 = Release|Win32
		{EBDC45CB-1709-472C-AE00-E97CF1606148}.Debug|x64.ActiveCfg = Debug|x64
		{EBDC45CB-1709-472C-AE00-E97CF1606148}.Debug|x64.Build.0 = Debug|x64
		{EBDC45CB-1709-472C-AE00-E97CF1606148}.Debug|x86.ActiveCfg = Debug|Win32
		{EBDC45CB-1709-472C-AE00-E97CF1606148}.Debug|x86.Build.0 = Debug|Win32
		{EBDC45CB-1709-472C-AE00-E97CF1606148}.Release|x64.ActiveCfg = Release|x64
		{EBDC45CB-1709-472C-AE00-E97CF1606148}.Release|x64.Build.0 = Release|x64
		{EBDC45CB-1709-472C-AE00-E97CF1606148}.Release|x86.ActiveCfg = Release|Win32
		{EBDC45CB-1709-472C-AE00-E97CF1606148}.Release|x86.Build.0 = Release|Win32
		{0DB2B0F1-7BE0-4BBF-A6F6-79516C074051}.Debug|x64.ActiveCfg = Debug|x64
		{0DB2B0F1-7BE0-4BBF-A6F6-79516C074051}.Debug|x64.Build.0 = Debug|x64
		{0DB2B0F1-7BE0-4BBF-A6F6-79516C074051}.Debug|x86.ActiveCfg = Debug|Win32
		{0DB2B0F1-7BE0-4BBF-A6F6-79516C074051}.Debug|x86.Build.0 = Debug|Win32
		{0DB2B0F1-7BE0-4BBF-A6F6-79516C074051}.Release|x64.ActiveCfg = Release|x64
		{0DB2B0F1-7BE0-4BBF-A6F6-79516C074051}.Release|x64.Build.0 = Release|x64
		{0DB2B0F1-7BE0-4BBF-A6F6-79516C074051}.Release|x86.ActiveCfg = Release|Win32
		{0DB2B0F1-7BE0-4BBF-A6F6-79516C074051}.Release|x86.Build.0 = Release|Win32
		{86B4809B-7C5C-4E82-B0A9-48162A967A54}.Debug|x64.ActiveCfg = Debug|x64
		{86B4809B-7C5C-4E82-B0A9-48162A967A54}.Debug|x64.Build.0 = Debug|x64
		{86B4809B-7C5C-4E82-B0A9-48162A967A54}.Debug|x86.ActiveCfg = Debug|Win32
		{86B4809B-7C5C-4E82-B0A9-48162A967A54}.Debug|x86.Build.0 = Debug|Win32
		{86B4809B-7C5C-4E82-B0A9-48162A967A54}.Release|x64.ActiveCfg = Release|x64
		{86B4809B-7C5C-4E82-B0A9-48162A967A54}.Release|x64.Build.0 = Release|x64
		{86B4809B-7C5C-4E82-B0A9-48162A967A54}.Release|x86.ActiveCfg = Release|Win32
		{86B4809B-7C5C-4E82-B0A9-48162A967A54}.Release|x86.Build.0 = Release|Win32
		{283932EA-6BE0-49F3-88D1-2E278FEEADDB}.Debug|x64.ActiveCfg = Debug|x64
		{283932EA-6BE0-49F3-88D1-2E278FEEADDB}.Debug|x64.Build.0 = Debug|x64
		{283932EA-6BE0-49F3-88D1-2E278FEEADDB}.Debug|x86.ActiveCfg = Debug|Win32
		{283932EA-6BE0-49F3-88D1-2E278FEEADDB}.Debug|x86.Build.0 = Debug|Win32
		{283932EA-6BE0-49F3-88D1-2E278FEEADDB}.Release|x64.ActiveCfg = Release|x64
		{283932EA-6BE0-49F3-88D1-2E278FEEADDB}.Release|x64.Build.0 = Release|x64
		{283932EA-6BE0-49F3-88D1-2E278FEEADDB}.Release|x86.ActiveCfg = Release|Win32
		{283932EA-6BE0-49F3-88D1-2E278FEEADDB}.Release|x86.Build.0 = Release|Win32
		{6F8EE20A-0F61-44DD-9306-0C48F9C32E2C}.Debug|x64.ActiveCfg = Debug|x64
		{6F8EE20A-0F61-44DD-9306-0C48F9C32E2C}.Debug|x64.Build.0 = Debug|x64
		{6F8EE20A-0F61-44DD-9306-0C48F9C32E2C}.Debug|x86.ActiveCfg = Debug|Win32
		{6F8EE20A-0F61-44DD-9306-0C48F9C32E2C}.Debug|x86.Build.0 = Debug|Win32
		{6F8EE20A-0F61-44DD-9306-0C48F9C32E2C}.Release|x64.ActiveCfg = Release|x64
		{6F8EE20A-0F61-44DD-9306-0C48F9C32E2C}.Release|x64.Build.0 = Release|x64
		{6F8EE20A-0F61-44DD-9306-0C48F9C32E2C}.Release|x86.ActiveCfg = Release|Win32
		{6F8EE20A-0F61-44DD-9306-0C48F9C32E2C}.Release|x86.Build.0 = Release|Win32
		{0A975C05-AC55-4328-946C-D89AA6E98A45}.Debug|x64.ActiveCfg = Debug|x64
		{0A975C05-AC55-4328-946C-D89AA6E98A45}.Debug|x64.Build.0 = Debug|x64
		{0A975C05-AC55-4328-946C-D89AA6E98A45}.Debug|x86.ActiveCfg = Debug|Win32
		{0A975C05-AC55-4328-946C-D89AA6E98A45}.Debug|x86.Build.0 = Debug|Win32
		{0A975C05-AC55-4328-946C-D89AA6E98A45}.Release|x64.ActiveCfg = Release|x64
		{0A975C05-AC55-4328-946C-D89AA6E98A45}.Release|x64.Build.0 = Release|x64
		{0A975C05-AC55-4328-946C-D89AA6E98A45}.Release|x86.ActiveCfg = Release|Win32
		{0A975C05-AC55-4328-946C-D89AA6E98A45}.Release|x86.Build.0 = Release|Win32
		{A5AA4368-1B16-4B99-92D5-03264A9F9327}.Debug|x64.ActiveCfg = Debug|x64
		{A5AA4368-1B16-4B99-92D5-03264A9F9327}.Debug|x64.Build.0 = Debug|x64
		{A5AA4368-1B16-4B99-92D5-03264A9F9327}.Debug|x86.ActiveCfg = Debug|Win32
		{A5AA4368-1B16-4B99-92D5-03264A9F9327}.Debug|x86.Build.0 = Debug|Win32
		{A5AA4368-1B16-4B99-92D5-03264A9F9327}.Release|x64.ActiveCfg = Release|x64
		{A5AA4368-1B16-4B99-92D5-03264A9F9327}.Release|x64.Build.0 = Release|x64
		{A5AA4368-1B16-4B99-92D5-03264A9F9327}.Release|x86.ActiveCfg = Release|Win32
		{A5AA4368-1B16-4B99-92D5-03264A9F9327}.Release|x86.Build.0 = Release|Win32
		{AC7B4730-7955-41CB-9D9E-3FC3A24C24B6}.Debug|x64.ActiveCfg = Debug|x64
		{AC7B4730-7955-41CB-9D9E-3FC3A24C24B6}.Debug|x64.Build.0 = Debug|x64
		{AC7B4730-7955-41CB-9D9E-3FC3A24C24B6}.Debug|x86.ActiveCfg = Debug|Win32
		{AC7B4730-7955-41CB-9D9E-3FC3A24C24B6}.Debug|x86.Build.0 = Debug|Win32
		{AC7B4730-7955-41CB-9D9E-3FC3A24C24B6}.Release|x64.ActiveCfg = Release|x64
		{AC7B4730-7955-41CB-9D9E-3FC3A24C24B6}.Release|x64.Build.0 = Release|x64
		{AC7B4730-7955-41CB-9D9E-3FC3A24C24B6}.Release|x86.ActiveCfg = Release|Win32
		{AC7B4730-7955-41CB-9D9E-3FC3A24C24B6}.Release|x86.Build.0 = Release|Win32
		{AE2CE3B7-40BC-4D99-AC52-260D42B27EEF}.Debug|x64.ActiveCfg = Debug|x64
		{AE2CE3B7-40BC-4D99-AC52-260D42B27EEF}.Debug|x64.Build.0 = Debug|x64
		{AE2CE3B7-40BC-4D99-AC52-260D42B27EEF}.Debug|x86.ActiveCfg = Debug|Win32
		{AE2CE3B7-40BC-4D99-AC52-260D42B27EEF}.Debug|x86.Build.0 = Debug|Win32
		{AE2CE3B7-40BC-4D99-AC52-260D42B27EEF}.Release|x64.ActiveCfg = Release|x64
		{AE2CE3B7-40BC-4D99-AC52-260D42B27EEF}.Release|x64.Build.0 = Release|x64
		{AE2CE3B7-40BC-4D99-AC52-260D42B27EEF}.Release|x86.ActiveCfg = Release|Win32
		{AE2CE3B7-40BC-4D99-AC52-260D42B27EEF}.Release|x86.Build.0 = Release|Win32
		{FE55ABCB-99AF-47C1-BB41-1D664D6D53D5}.Debug|x64.ActiveCfg = Debug|x64
		{FE55ABCB-99AF-47C1-BB41-1D664D6D53D5}.Debug|x64.Build.0 = Debug|x64
		{FE55ABCB-99AF-47C1-BB41-1D664D6D53D5}.Debug|x86.ActiveCfg = Debug|Win32
		{FE55ABCB-99AF-47C1-BB41-1D664D6D53D5}.Debug|x86.Build.0 = Debug|Win32
		{FE55ABCB-99AF-47C1-BB41-1D664D6D53D5}.Release|x64.ActiveCfg = Release|x64
		{FE55ABCB-99AF-47C1-BB41-1D664D6D53D5}.Release|x64.Build.0 = Release|x64
		{FE55ABCB-99AF-47C1-BB41-1D664D6D53D5}.Release|x86.ActiveCfg = Release|Win32
		{FE55ABCB-99AF-47C1-BB41-1D664D6D53D5}.Release|x86.Build.0 = Release|Win32
		{7931494A-D86D-4F5B-B130-F8C8F790B35B}.Debug|x64.ActiveCfg = Debug|x64
		{7931494A-D86D-4F5B-B130-F8C8F790B35B}.Debug|x64.Build.0 = Debug|x64
		{7931494A-D86D-4F5B-B130-F8C8F790B35B}.Debug|x86.ActiveCfg = Debug|Win32
		{7931494A-D86D-4F5B-B130-F8C8F790B35B}.Debug|x86.Build.0 = Debug|Win32
		{7931494A-D86D-4F5B-B130-F8C8F790B35B}.Release|x64.ActiveCfg = Release|x64
		{7931494A-D86D-4F5B-B130-F8C8F790B35B}.Release|x64.Build.0 = Release|x64
		{7931494A-D86D-4F5B-B130-F8C8F790B35B}.Release|x86.ActiveCfg = Release|Win32
		{7931494A-D86D-4F5B-B130-F8C8F790B35B}.Release|x86.Build.0 = Release|Win32
		{4C532113-A071-4E4D-87F6-6F5E06D2065F}.Debug|x64.ActiveCfg = Debug|x64
		{4C532113-A071-4E4D-87F6-6F5E06D2065F}.Debug|x64.Build.0 = Debug|x64
		{4C532113-A071-4E4D-87F6-6F5E06D2065F}.Debug|x86.ActiveCfg = Debug|Win32
		{4C532113-A071-4E4D-87F6-6F5E06D2065F}.Debug|x86.Build.0 = Debug|Win32
		{4C532113-A071-4E4D-87F6-6F5E06D2065F}.Release|x64.ActiveCfg = Release|x64
		{4C532113-A071-4E4D-87F6-6F5E06D2065F}.Release|x64.Build.0 = Release|x64
		{4C532113-A071-4E4D-87F6-6F5E06D2065F}.Release|x86.ActiveCfg = Release|Win32
		{4C532113-A071-4E4D-87F6-6F5E06D2065F}.Release|x86.Build.0 = Release|Win32
		{275B4010-C09A-4908-98FE-849FE18C0505}.Debug|x64.ActiveCfg = Debug|x64
		{275B4010-C09A-4908-98FE-849FE18C0505}.Debug|x64.Build.0 = Debug|x64
		{275B4010-C09A-4908-98FE-849FE18C0505}.Debug|x86.ActiveCfg = Debug|Win32
		{275B4010-C09A-4908-98FE-849FE18C0505}.Debug|x86.Build.0 = Debug|Win32
		{275B4010-C09A-4908-98FE-849FE18C0505}.Release|x64.ActiveCfg = Release|x64
		{275B4010-C09A-4908-98FE-849FE18C0505}.Release|x64.Build.0 = Release|x64
		{275B4010-C09A-4908-98FE-849FE18C0505}.Release|x86.ActiveCfg = Release|Win32
		{275B4010-C09A-4908-98FE-849FE18C0505}.Release|x86.Build.0 = Release|Win32
		{CEDB51EB-BA07-4C9B-9A73-F461399E6333}.Debug|x64.ActiveCfg = Debug|x64
		{CEDB51EB-BA07-4C9B-9A73-F461399E6333}.Debug|x64.Build.0 = Debug|x64
		{CEDB51EB-BA07-4C9B-9A73-F461399E6333}.Debug|x86.ActiveCfg = Debug|Win32
		{CEDB51EB-BA07-4C9B-9A73-F461399E6333}.Debug|x86.Build.0 = Debug|Win32
		{CEDB51EB-BA07-4C9B-9A73-F461399E6333}.Release|x64.ActiveCfg = Release|x64
		{CEDB51EB-BA07-4C9B-9A73-F461399E6333}.Release|x64.Build.0 = Release|x64
		{CEDB51EB-BA07-4C9B-9A73-F461399E6333}.Release|x86.ActiveCfg = Release|Win32
		{CEDB51EB-BA07-4C9B-9A73-F461399E6333}.Release|x86.Build.0 = Release|Win32
		{D36900D3-1DE1-436D-8F20-511C02FD7043}.Debug|x64.ActiveCfg = Debug|x64
		{D36900D3-1DE1-436D-8F20-511C02FD7043}.Debug|x64.Build.0 = Debug|x64
		{D36900D3-1DE1-436D-8F20-511C02FD7043}.Debug|x86.ActiveCfg = Debug|Win32
		{D36900D3-1DE1-436D-8F20-511C02FD7043}.Debug|x86.Build.0 = Debug|Win32
		{D36900D3-1DE1-436D-8F20-511C02FD7043}.Release|x64.ActiveCfg = Release|x64
		{D36900D3-1DE1-436D-8F20-511C02FD7043}.Release|x64.Build.0 = Release|x64
		{D36900D3-1DE1-436D-8F20-511C02FD7043}.Release|x86.ActiveCfg = Release|Win32
		{D36900D3-1DE1-436D-8F20-511C02FD7043}.Release|x86.Build.0 = Release|Win32
		{CC4B9D55-7671-410C-A554-9DBE04705387}.Debug|x64.ActiveCfg = Debug|x64
		{CC4B9D55-7671-410C-A554-9DBE04705387}.Debug|x64.Build.0 = Debug|x64
		{CC4B9D55-7671-410C-A554-9DBE04705387}.Debug|x86.ActiveCfg = Debug|Win32
		{CC4B9D55-7671-410C-A554-9DBE04705387}.Debug|x86.Build.0 = Debug|Win32
		{CC4B9D55-7671-410C-A554-9DBE04705387}.Release|x64.ActiveCfg = Release|x64
		{CC4B9D55-7671-410C-A554-9DBE04705387}.Release|x64.Build.0 = Release|x64
		{CC4B9D55-7671-410C-A554-9DBE04705387}.Release|x86.ActiveCfg = Release|Win32
		{CC4B9D55-7671-410C-A554-9DBE04705387}.Release|x86.Build.0 = Release|Win32
		{5709B425-0934-4746-AA85-451E2BA533BB}.Debug|x64.ActiveCfg = Debug|x64
		{5709B425-0934-4746-AA85-451E2BA533BB}.Debug|x64.Build.0 = Debug|x64
		{5709B425-0934-4746-AA85-451E2BA533BB}.Debug|x86.ActiveCfg = Debug|Win32
		{5709B425-0934-4746-AA85-451E2BA533BB}.Debug|x86.Build.0 = Debug|Win32
		{5709B425-0934-4746-AA85-451E2BA533BB}.Release|x64.ActiveCfg = Release|x64
		{5709B425-0934-4746-AA85-451E2BA533BB}.Release|x64.Build.0 = Release|x64
		{5709B425-0934-4746-AA85-451E2BA533BB}.Release|x86.ActiveCfg = Release|Win32
		{5709B425-0934-4746-AA85-451E2BA533BB}.Release|x86.Build.0 = Release|Win32
		{278A2820-0652-4916-BDE7-6E53D37CD799}.Debug|x64.ActiveCfg = Debug|x64
		{278A2820-0652-4916-BDE7-6E53D37CD799}.Debug|x64.Build.0 = Debug|x64
		{278A2820-0652-4916-BDE7-6E53D37CD799}.Debug|x86.ActiveCfg = Debug|Win32
		{278A2820-0652-4916-BDE7-6E53D37CD799}.Debug|x86.Build.0 = Debug|Win32
		{278A2820-0652-4916-BDE7-6E53D37CD799}.Release|x64.ActiveCfg = Release|x64
		{278A2820-0652-4916-BDE7-6E53D37CD799}.Release|x64.Build.0 = Release|x64
		{278A2820-0652-4916-BDE7-6E53D37CD799}.Release|x86.ActiveCfg = Release|Win32
		{278A2820-0652-4916-BDE7-6E53D37CD799}.Release|x86.Build.0 = Release|Win32
		{3DDC71BC-3E90-41E4-9709-78B2B3E18080}.Debug|x64.ActiveCfg = Debug|x64
		{3DDC71BC-3E90-41E4-9709-78B2B3E18080}.Debug|x64.Build.0 = Debug|x64
		{3DDC71BC-3E90-41E4-9709-78B2B3E18080}.Debug|x86.ActiveCfg = Debug|Win32
		{3DDC71BC-3E90-41E4-9709-78B2B3E18080}.Debug|x86.Build.0 = Debug|Win32
		{3DDC71BC-3E90-41E4-9709-78B2B3E18080}.Release|x64.ActiveCfg = Release|x64
		{3DDC71BC-3E90-41E4-9709-78B2B3E18080}.Release|x64.Build.0 = Release|x64
		{3DDC71BC-3E90-41E4-9709-78B2B3E18080}.Release|x86.ActiveCfg = Release|Win32
		{3DDC71BC-3E90-41E4-9709-78B2B3E18080}.Release|x86.Build.0 = Release|Win32
		{F274C116-8F08-41C2-B1EB-C324CF0DB7CB}.Debug|x64.ActiveCfg = Debug|x64
		{F274C116-8F08-41C2-B1EB-C324CF0DB7CB}.Debug|x64.Build.0 = Debug|x64
		{F274C116-8F08-41C2-B1EB-C324CF0DB7CB}.Debug|x86.ActiveCfg = Debug|Win32
		{F274C116-8F08-41C2-B1EB-C324CF0DB7CB}.Debug|x86.Build.0 = Debug|Win32
		{F274C116-8F08-41C2-B1EB-C324CF0DB7CB}.Release|x64.ActiveCfg = Release|x64
		{F274C116-8F08-41C2-B1EB-C324CF0DB7CB}.Release|x64.Build.0 = Release|x64
		{F274C116-8F08-41C2-B1EB-C324CF0DB7CB}.Release|x86.ActiveCfg = Release|Win32
		{F274C116-8F08-41C2-B1EB-C324CF0DB7CB}.Release|x86.Build.0 = Release|Win32
		{0C01195B-D41F-4D19-AFAB-B9C68F1427E2}.Debug|x64.ActiveCfg = Debug|x64
		{0C01195B-D41F-4D19-AFAB-B9C68F1427E2}.Debug|x64.Build.0 = Debug|x64
		{0C01195B-D41F-4D19-AFAB-B9C68F1427E2}.Debug|x86.ActiveCfg = Debug|Win32
		{0C01195B-D41F-4D19-AFAB-B9C68F1427E2}.Debug|x86.Build.0 = Debug|Win32
		{0C01195B-D41F-4D19-AFAB-B9C68F1427E2}.Release|x64.ActiveCfg = Release|x64
		{0C01195B-D41F-4D19-AFAB-B9C68F1427E2}.Release|x64.Build.0 = Release|x64
		{0C01195B-D41F-4D19-AFAB-B9C68F1427E2}.Release|x86.ActiveCfg = Release|Win32
		{0C01195B-D41F-4D19-AFAB-B9C68F1427E2}.Release|x86.Build.0 = Release|Win32
		{280118FF-898B-4AC7-AB32-4186A242482A}.Debug|x64.ActiveCfg = Debug|x64
		{280118FF-898B-4AC7-AB32-4186A242482A}.Debug|x64.Build.0 = Debug|x64
		{280118FF-898B-4AC7-AB32-4186A242482A}.Debug|x86.ActiveCfg = Debug|Win32
		{280118FF-898B-4AC7-AB32-4186A242482A}.Debug|x86.Build.0 = Debug|Win32
		{280118FF-898B-4AC7-AB32-4186A242482A}.Release|x64.ActiveCfg = Release|x64
		{280118FF-898B-4AC7-AB32-4186A242482A}.Release|x64.Build.0 = Release|x64
		{280118FF-898B-4AC7-AB32-4186A242482A}.Release|x86.ActiveCfg = Release|Win32
		{280118FF-898B-4AC7-AB32-4186A242482A}.Release|x86.Build.0 = Release|Win32
		{56B533A0-7AFA-4616-9937-7459CAD0D753}.Debug|x64.ActiveCfg = Debug|x64
		{56B533A0-7AFA-4616-9937-7459CAD0D753}.Debug|x64.Build.0 = Debug|x64
		{56B533A0-7AFA-4616-9937-7459CAD0D753}.Debug|x86.ActiveCfg = Debug|Win32
		{56B533A0-7AFA-4616-9937-7459CAD0D753}.Debug|x86.Build.0 = Debug|Win32
		{56B533A0-7AFA-4616-9937-7459CAD0D753}.Release|x64.ActiveCfg = Release|x64
		{56B533A0-7AFA-4616-9937-7459CAD0D753}.Release|x64.Build.0 = Release|x64
		{56B533A0-7AFA-4616-9937-7459CAD0D753}.Release|x86.ActiveCfg = Release|Win32
		{56B533A0-7AFA-4616-9937-7459CAD0D753}.Release|x86.Build.0 = Release|Win32
	EndGlobalSection
	GlobalSection(SolutionProperties) = preSolution
		HideSolutionNode = FALSE
	EndGlobalSection
	GlobalSection(ExtensibilityGlobals) = postSolution
		SolutionGuid = {31EEFCAD-4521-4934-934B-CD6BA1F6335C}
	EndGlobalSection
EndGlobal
